Microsoft Visual Studio Solution File, Format Version 12.00
# Visual Studio Version 17
VisualStudioVersion = 17.5.2.0
MinimumVisualStudioVersion = 10.0.40219.1
Project("{2150E333-8FDC-42A3-9474-1A3956D46DE8}") = "OLA4-Task", "OLA4-Task", "{15177740-6F18-6265-725C-11DFAEC0F0DB}"
EndProject
Project("{FAE04EC0-301F-11D3-BF4B-00C04F79EFBC}") = "MyTrailerSystem", "OLA4-Task\MyTrailerSystem\MyTrailerSystem.csproj", "{879B51EE-2BFC-3BC2-47DF-A4F63987E314}"
EndProject
Global
	GlobalSection(SolutionConfigurationPlatforms) = preSolution
		Debug|Any CPU = Debug|Any CPU
		Release|Any CPU = Release|Any CPU
	EndGlobalSection
	GlobalSection(ProjectConfigurationPlatforms) = postSolution
		{879B51EE-2BFC-3BC2-47DF-A4F63987E314}.Debug|Any CPU.ActiveCfg = Debug|Any CPU
		{879B51EE-2BFC-3BC2-47DF-A4F63987E314}.Debug|Any CPU.Build.0 = Debug|Any CPU
		{879B51EE-2BFC-3BC2-47DF-A4F63987E314}.Release|Any CPU.ActiveCfg = Release|Any CPU
		{879B51EE-2BFC-3BC2-47DF-A4F63987E314}.Release|Any CPU.Build.0 = Release|Any CPU
	EndGlobalSection
	GlobalSection(SolutionProperties) = preSolution
		HideSolutionNode = FALSE
	EndGlobalSection
	GlobalSection(NestedProjects) = preSolution
		{879B51EE-2BFC-3BC2-47DF-A4F63987E314} = {15177740-6F18-6265-725C-11DFAEC0F0DB}
	EndGlobalSection
	GlobalSection(ExtensibilityGlobals) = postSolution
		SolutionGuid = {136077AD-83BF-4871-95EF-A0A0AFBFC110}
	EndGlobalSection
EndGlobal
